{
  "name": "rvl-firmware",
  "version": "1.0.0",
  "lockfileVersion": 2,
  "requires": true,
  "packages": {
    "": {
      "name": "rvl-firmware",
      "version": "1.0.0",
      "license": "MIT",
      "devDependencies": {
        "@polycam/clang-tools": "22.1.8",
        "@types/node": "26.5.1"
      }
    },
    "node_modules/@polycam/clang-tools": {
      "version": "22.1.8",
      "resolved": "https://registry.npmjs.org/@polycam/clang-tools/-/clang-tools-22.1.8.tgz",
      "integrity": "sha512-OVgcTQdKGyPSzos2a7KEN6rP1x+8pHOXdJdyfcxmC0UT431E41LwOYPKdSEpNPOaGFYSYIs84i5wBTX6NqL4+g==",
      "dev": true,
      "license": "MIT",
      "bin": {
        "clang-apply-replacements": "bin/clang-apply-replacements.js",
        "clang-format": "bin/clang-format.js",
        "clang-query": "bin/clang-query.js",
        "clang-tidy": "bin/clang-tidy.js"
      },
      "engines": {
        "node": ">=18"
      },
      "optionalDependencies": {
        "@polycam/clang-tools-darwin-arm64": "22.1.8",
        "@polycam/clang-tools-linux-x64": "22.1.8",
        "@polycam/clang-tools-win32-x64": "22.1.8"
      }
    },
    "node_modules/@polycam/clang-tools-darwin-arm64": {
      "version": "22.1.8",
      "resolved": "https://registry.npmjs.org/@polycam/clang-tools-darwin-arm64/-/clang-tools-darwin-arm64-22.1.8.tgz",
      "integrity": "sha512-Gc8VYBCjNZtW8/a/cSCYtSgW4itH0Qo08/91eYKYxupqdMZllJGSzae+fnvOlKgiMao2+lTLSTN8zzY0Mm0fEA==",
      "cpu": [
        "arm64"
      ],
      "dev": true,
      "license": "MIT",
      "optional": true,
      "os": [
        "darwin"
      ]
    },
    "node_modules/@polycam/clang-tools-linux-x64": {
      "version": "22.1.8",
      "resolved": "https://registry.npmjs.org/@polycam/clang-tools-linux-x64/-/clang-tools-linux-x64-22.1.8.tgz",
      "integrity": "sha512-hHXNbK5ulLoVJAhgO+vgwUbDF1UnVsZRNS22V7hbPdHi15PItY0dgHBfMpe+z1SAUXG3GPtE6Jd2RWKvB8jHhA==",
      "cpu": [
        "x64"
      ],
      "dev": true,
      "license": "MIT",
      "optional": true,
      "os": [
        "linux"
      ]
    },
    "node_modules/@polycam/clang-tools-win32-x64": {
      "version": "22.1.8",
      "resolved": "https://registry.npmjs.org/@polycam/clang-tools-win32-x64/-/clang-tools-win32-x64-22.1.8.tgz",
      "integrity": "sha512-bvEcPMxVJzSoQ3fmAiadfErBRtY30GG3LKx5kKT0RCKOm+Yt5ADAYMvbG333iZ/dw/p+MUn4hXm9n7Z8FzL2tg==",
      "cpu": [
        "x64"
      ],
      "dev": true,
      "license": "MIT",
      "optional": true,
      "os": [
        "win32"
      ]
    },
    "node_modules/@types/node": {
      "version": "26.5.1",
      "resolved": "https://registry.npmjs.org/@types/node/-/node-26.5.1.tgz",
      "integrity": "sha512-CzNm2FezW4VR/LjG6yUdiEgLE/rAQ9Slj5gCu/C2VrdcW7I0ahNZ8DRbHT7zOZ6r3ONgd/bsQIeSaoDGrd1C6g==",
      "dev": true,
      "license": "MIT",
      "dependencies": {
        "undici-types": "~8.9.0"
      }
    },
    "node_modules/undici-types": {
      "version": "8.9.0",
      "resolved": "https://registry.npmjs.org/undici-types/-/undici-types-8.9.0.tgz",
      "integrity": "sha512-KTDyRTYX8sWmKXAikPHHSyc63CRPETMctyjKFupcC6OBLXT3xsN0e9aF7m+mIXutFWpUXuedtowG7iLOzp0kQg==",
      "dev": true,
      "license": "MIT"
    }
  },
  "dependencies": {
    "@polycam/clang-tools": {
      "version": "22.1.8",
      "resolved": "https://registry.npmjs.org/@polycam/clang-tools/-/clang-tools-22.1.8.tgz",
      "integrity": "sha512-OVgcTQdKGyPSzos2a7KEN6rP1x+8pHOXdJdyfcxmC0UT431E41LwOYPKdSEpNPOaGFYSYIs84i5wBTX6NqL4+g==",
      "dev": true,
      "requires": {
        "@polycam/clang-tools-darwin-arm64": "22.1.8",
        "@polycam/clang-tools-linux-x64": "22.1.8",
        "@polycam/clang-tools-win32-x64": "22.1.8"
      }
    },
    "@polycam/clang-tools-darwin-arm64": {
      "version": "22.1.8",
      "resolved": "https://registry.npmjs.org/@polycam/clang-tools-darwin-arm64/-/clang-tools-darwin-arm64-22.1.8.tgz",
      "integrity": "sha512-Gc8VYBCjNZtW8/a/cSCYtSgW4itH0Qo08/91eYKYxupqdMZllJGSzae+fnvOlKgiMao2+lTLSTN8zzY0Mm0fEA==",
      "dev": true,
      "optional": true
    },
    "@polycam/clang-tools-linux-x64": {
      "version": "22.1.8",
      "resolved": "https://registry.npmjs.org/@polycam/clang-tools-linux-x64/-/clang-tools-linux-x64-22.1.8.tgz",
      "integrity": "sha512-hHXNbK5ulLoVJAhgO+vgwUbDF1UnVsZRNS22V7hbPdHi15PItY0dgHBfMpe+z1SAUXG3GPtE6Jd2RWKvB8jHhA==",
      "dev": true,
      "optional": true
    },
    "@polycam/clang-tools-win32-x64": {
      "version": "22.1.8",
      "resolved": "https://registry.npmjs.org/@polycam/clang-tools-win32-x64/-/clang-tools-win32-x64-22.1.8.tgz",
      "integrity": "sha512-bvEcPMxVJzSoQ3fmAiadfErBRtY30GG3LKx5kKT0RCKOm+Yt5ADAYMvbG333iZ/dw/p+MUn4hXm9n7Z8FzL2tg==",
      "dev": true,
      "optional": true
    },
    "@types/node": {
      "version": "26.5.1",
      "resolved": "https://registry.npmjs.org/@types/node/-/node-26.5.1.tgz",
      "integrity": "sha512-CzNm2FezW4VR/LjG6yUdiEgLE/rAQ9Slj5gCu/C2VrdcW7I0ahNZ8DRbHT7zOZ6r3ONgd/bsQIeSaoDGrd1C6g==",
      "dev": true,
      "requires": {
        "undici-types": "~8.9.0"
      }
    },
    "undici-types": {
      "version": "8.9.0",
      "resolved": "https://registry.npmjs.org/undici-types/-/undici-types-8.9.0.tgz",
      "integrity": "sha512-KTDyRTYX8sWmKXAikPHHSyc63CRPETMctyjKFupcC6OBLXT3xsN0e9aF7m+mIXutFWpUXuedtowG7iLOzp0kQg==",
      "dev": true
    }
  }
}
