{
  "name": "base_station",
  "version": "1.0.0",
  "lockfileVersion": 1,
  "requires": true,
  "dependencies": {
    "rvl-node": {
      "version": "4.0.0",
      "resolved": "https://registry.npmjs.org/rvl-node/-/rvl-node-4.0.0.tgz",
      "integrity": "sha512-BveaTsL5rDaQac6qxBMbbmSg0yky8OpFTTaTpjbtXNyvdDpMVCHdml7g3vhLnlWKkZeKUMW573xXgTlcBoAmfQ==",
      "requires": {
        "rvl-node-types": "^1.0.0",
        "strict-event-emitter-types": "^2.0.0"
      }
    },
    "rvl-node-types": {
      "version": "1.0.0",
      "resolved": "https://registry.npmjs.org/rvl-node-types/-/rvl-node-types-1.0.0.tgz",
      "integrity": "sha512-4M1xf5BWYGr9cEbFBksiaJRK1rUeoQOixQQAjhsVJuOBGq07VniRC0mpipQeYkoIMhKleQLpw0lfA796YGufng=="
    },
    "strict-event-emitter-types": {
      "version": "2.0.0",
      "resolved": "https://registry.npmjs.org/strict-event-emitter-types/-/strict-event-emitter-types-2.0.0.tgz",
      "integrity": "sha512-Nk/brWYpD85WlOgzw5h173aci0Teyv8YdIAEtV+N88nDB0dLlazZyJMIsN6eo1/AR61l+p6CJTG1JIyFaoNEEA=="
    }
  }
}
